// !$*UTF8*$!
{
	archiveVersion = 1;
	classes = {
	};
	objectVersion = 56;
	objects = {

/* Begin PBXBuildFile section */
		CF1D012D2B5B286800E196FB /* video_appApp.swift in Sources */ = {isa = PBXBuildFile; fileRef = CF1D012C2B5B286800E196FB /* video_appApp.swift */; };
		CF1D012F2B5B286800E196FB /* ContentView.swift in Sources */ = {isa = PBXBuildFile; fileRef = CF1D012E2B5B286800E196FB /* ContentView.swift */; };
		CF1D01312B5B286A00E196FB /* Assets.xcassets in Resources */ = {isa = PBXBuildFile; fileRef = CF1D01302B5B286A00E196FB /* Assets.xcassets */; };
		CF1D01342B5B286A00E196FB /* Preview Assets.xcassets in Resources */ = {isa = PBXBuildFile; fileRef = CF1D01332B5B286A00E196FB /* Preview Assets.xcassets */; };
		CF1D013D2B5B2AC600E196FB /* WelcomeScreenView.swift in Sources */ = {isa = PBXBuildFile; fileRef = CF1D013C2B5B2AC600E196FB /* WelcomeScreenView.swift */; };
		CF1D013F2B5B2F3200E196FB /* VideosScreenView.swift in Sources */ = {isa = PBXBuildFile; fileRef = CF1D013E2B5B2F3200E196FB /* VideosScreenView.swift */; };
		CF1D01422B5B30DB00E196FB /* CardVideoView.swift in Sources */ = {isa = PBXBuildFile; fileRef = CF1D01412B5B30DB00E196FB /* CardVideoView.swift */; };
		CF3AC63F2B6324D90006AF2C /* videosData.swift in Sources */ = {isa = PBXBuildFile; fileRef = CF3AC63E2B6324D90006AF2C /* videosData.swift */; };
		CF3AC6422B6324F00006AF2C /* VideoModel.swift in Sources */ = {isa = PBXBuildFile; fileRef = CF3AC6412B6324F00006AF2C /* VideoModel.swift */; };
		CF3AC6442B6335A30006AF2C /* VideoSectionTitle.swift in Sources */ = {isa = PBXBuildFile; fileRef = CF3AC6432B6335A30006AF2C /* VideoSectionTitle.swift */; };
		CF3AC6462B6337C00006AF2C /* VideoScreenView.swift in Sources */ = {isa = PBXBuildFile; fileRef = CF3AC6452B6337C00006AF2C /* VideoScreenView.swift */; };
		CF3AC6492B63485D0006AF2C /* CategoryEnum.swift in Sources */ = {isa = PBXBuildFile; fileRef = CF3AC6482B63485D0006AF2C /* CategoryEnum.swift */; };
		CF41AD192B64801E009DFCCA /* SettingsScreenView.swift in Sources */ = {isa = PBXBuildFile; fileRef = CF41AD182B64801E009DFCCA /* SettingsScreenView.swift */; };
		CF41AD1B2B648050009DFCCA /* TabScreensViews.swift in Sources */ = {isa = PBXBuildFile; fileRef = CF41AD1A2B648050009DFCCA /* TabScreensViews.swift */; };
		CF802FE02B684F27003B0116 /* Auth.swift in Sources */ = {isa = PBXBuildFile; fileRef = CF802FDF2B684F27003B0116 /* Auth.swift */; };
		CF8D376F2B649091001988D9 /* utils.swift in Sources */ = {isa = PBXBuildFile; fileRef = CF8D376E2B649091001988D9 /* utils.swift */; };
		CF9EA7212B65B55600382B24 /* LoginScreenView.swift in Sources */ = {isa = PBXBuildFile; fileRef = CF9EA7202B65B55600382B24 /* LoginScreenView.swift */; };
		CF9EA7232B65B75900382B24 /* GoogleService-Info.plist in Resources */ = {isa = PBXBuildFile; fileRef = CF9EA7222B65B75900382B24 /* GoogleService-Info.plist */; };
		CF9EA7262B65B89400382B24 /* FirebaseAnalytics in Frameworks */ = {isa = PBXBuildFile; productRef = CF9EA7252B65B89400382B24 /* FirebaseAnalytics */; };
		CF9EA7282B65B89400382B24 /* FirebaseAnalyticsOnDeviceConversion in Frameworks */ = {isa = PBXBuildFile; productRef = CF9EA7272B65B89400382B24 /* FirebaseAnalyticsOnDeviceConversion */; };
		CF9EA72A2B65B89400382B24 /* FirebaseAnalyticsSwift in Frameworks */ = {isa = PBXBuildFile; productRef = CF9EA7292B65B89400382B24 /* FirebaseAnalyticsSwift */; };
		CF9EA72C2B65B89400382B24 /* FirebaseAnalyticsWithoutAdIdSupport in Frameworks */ = {isa = PBXBuildFile; productRef = CF9EA72B2B65B89400382B24 /* FirebaseAnalyticsWithoutAdIdSupport */; };
		CF9EA72E2B65B89400382B24 /* FirebaseAppCheck in Frameworks */ = {isa = PBXBuildFile; productRef = CF9EA72D2B65B89400382B24 /* FirebaseAppCheck */; };
		CF9EA7302B65B89400382B24 /* FirebaseAppDistribution-Beta in Frameworks */ = {isa = PBXBuildFile; productRef = CF9EA72F2B65B89400382B24 /* FirebaseAppDistribution-Beta */; };
		CF9EA7322B65B89400382B24 /* FirebaseAuth in Frameworks */ = {isa = PBXBuildFile; productRef = CF9EA7312B65B89400382B24 /* FirebaseAuth */; };
		CF9EA7342B65B89400382B24 /* FirebaseAuthCombine-Community in Frameworks */ = {isa = PBXBuildFile; productRef = CF9EA7332B65B89400382B24 /* FirebaseAuthCombine-Community */; };
		CF9EA7362B65B89400382B24 /* FirebaseCrashlytics in Frameworks */ = {isa = PBXBuildFile; productRef = CF9EA7352B65B89400382B24 /* FirebaseCrashlytics */; };
		CF9EA7382B65B89400382B24 /* FirebaseDatabase in Frameworks */ = {isa = PBXBuildFile; productRef = CF9EA7372B65B89400382B24 /* FirebaseDatabase */; };
		CF9EA73A2B65B89400382B24 /* FirebaseDatabaseSwift in Frameworks */ = {isa = PBXBuildFile; productRef = CF9EA7392B65B89400382B24 /* FirebaseDatabaseSwift */; };
		CF9EA73C2B65B89400382B24 /* FirebaseDynamicLinks in Frameworks */ = {isa = PBXBuildFile; productRef = CF9EA73B2B65B89400382B24 /* FirebaseDynamicLinks */; };
		CF9EA73E2B65B89400382B24 /* FirebaseFirestore in Frameworks */ = {isa = PBXBuildFile; productRef = CF9EA73D2B65B89400382B24 /* FirebaseFirestore */; };
		CF9EA7402B65B89400382B24 /* FirebaseFirestoreCombine-Community in Frameworks */ = {isa = PBXBuildFile; productRef = CF9EA73F2B65B89400382B24 /* FirebaseFirestoreCombine-Community */; };
		CF9EA7422B65B89400382B24 /* FirebaseFirestoreSwift in Frameworks */ = {isa = PBXBuildFile; productRef = CF9EA7412B65B89400382B24 /* FirebaseFirestoreSwift */; };
		CF9EA7442B65B89400382B24 /* FirebaseFunctions in Frameworks */ = {isa = PBXBuildFile; productRef = CF9EA7432B65B89400382B24 /* FirebaseFunctions */; };
		CF9EA7462B65B89400382B24 /* FirebaseFunctionsCombine-Community in Frameworks */ = {isa = PBXBuildFile; productRef = CF9EA7452B65B89400382B24 /* FirebaseFunctionsCombine-Community */; };
		CF9EA7482B65B89500382B24 /* FirebaseInAppMessaging-Beta in Frameworks */ = {isa = PBXBuildFile; productRef = CF9EA7472B65B89500382B24 /* FirebaseInAppMessaging-Beta */; };
		CF9EA74A2B65B89500382B24 /* FirebaseInAppMessagingSwift-Beta in Frameworks */ = {isa = PBXBuildFile; productRef = CF9EA7492B65B89500382B24 /* FirebaseInAppMessagingSwift-Beta */; };
		CF9EA74C2B65B89500382B24 /* FirebaseInstallations in Frameworks */ = {isa = PBXBuildFile; productRef = CF9EA74B2B65B89500382B24 /* FirebaseInstallations */; };
		CF9EA74E2B65B89500382B24 /* FirebaseMLModelDownloader in Frameworks */ = {isa = PBXBuildFile; productRef = CF9EA74D2B65B89500382B24 /* FirebaseMLModelDownloader */; };
		CF9EA7502B65B89500382B24 /* FirebaseMessaging in Frameworks */ = {isa = PBXBuildFile; productRef = CF9EA74F2B65B89500382B24 /* FirebaseMessaging */; };
		CF9EA7522B65B89500382B24 /* FirebasePerformance in Frameworks */ = {isa = PBXBuildFile; productRef = CF9EA7512B65B89500382B24 /* FirebasePerformance */; };
		CF9EA7542B65B89500382B24 /* FirebaseRemoteConfig in Frameworks */ = {isa = PBXBuildFile; productRef = CF9EA7532B65B89500382B24 /* FirebaseRemoteConfig */; };
		CF9EA7562B65B89500382B24 /* FirebaseRemoteConfigSwift in Frameworks */ = {isa = PBXBuildFile; productRef = CF9EA7552B65B89500382B24 /* FirebaseRemoteConfigSwift */; };
		CF9EA7582B65B89500382B24 /* FirebaseStorage in Frameworks */ = {isa = PBXBuildFile; productRef = CF9EA7572B65B89500382B24 /* FirebaseStorage */; };
		CF9EA75A2B65B89500382B24 /* FirebaseStorageCombine-Community in Frameworks */ = {isa = PBXBuildFile; productRef = CF9EA7592B65B89500382B24 /* FirebaseStorageCombine-Community */; };
		CF9EA75D2B65B8E300382B24 /* AppDelegate.swift in Sources */ = {isa = PBXBuildFile; fileRef = CF9EA75C2B65B8E300382B24 /* AppDelegate.swift */; };
		CF9EA7602B65D01500382B24 /* GoogleSignIn in Frameworks */ = {isa = PBXBuildFile; productRef = CF9EA75F2B65D01500382B24 /* GoogleSignIn */; };
		CF9EA7622B65D01500382B24 /* GoogleSignInSwift in Frameworks */ = {isa = PBXBuildFile; productRef = CF9EA7612B65D01500382B24 /* GoogleSignInSwift */; };
		CF9EA7662B65D16A00382B24 /* +View.swift in Sources */ = {isa = PBXBuildFile; fileRef = CF9EA7652B65D16A00382B24 /* +View.swift */; };
/* End PBXBuildFile section */

/* Begin PBXFileReference section */
		CF1D01292B5B286800E196FB /* video-app.app */ = {isa = PBXFileReference; explicitFileType = wrapper.application; includeInIndex = 0; path = "video-app.app"; sourceTree = BUILT_PRODUCTS_DIR; };
		CF1D012C2B5B286800E196FB /* video_appApp.swift */ = {isa = PBXFileReference; lastKnownFileType = sourcecode.swift; path = video_appApp.swift; sourceTree = "<group>"; };
		CF1D012E2B5B286800E196FB /* ContentView.swift */ = {isa = PBXFileReference; lastKnownFileType = sourcecode.swift; path = ContentView.swift; sourceTree = "<group>"; };
		CF1D01302B5B286A00E196FB /* Assets.xcassets */ = {isa = PBXFileReference; lastKnownFileType = folder.assetcatalog; path = Assets.xcassets; sourceTree = "<group>"; };
		CF1D01332B5B286A00E196FB /* Preview Assets.xcassets */ = {isa = PBXFileReference; lastKnownFileType = folder.assetcatalog; path = "Preview Assets.xcassets"; sourceTree = "<group>"; };
		CF1D013C2B5B2AC600E196FB /* WelcomeScreenView.swift */ = {isa = PBXFileReference; lastKnownFileType = sourcecode.swift; path = WelcomeScreenView.swift; sourceTree = "<group>"; };
		CF1D013E2B5B2F3200E196FB /* VideosScreenView.swift */ = {isa = PBXFileReference; lastKnownFileType = sourcecode.swift; path = VideosScreenView.swift; sourceTree = "<group>"; };
		CF1D01412B5B30DB00E196FB /* CardVideoView.swift */ = {isa = PBXFileReference; lastKnownFileType = sourcecode.swift; path = CardVideoView.swift; sourceTree = "<group>"; };
		CF3AC63E2B6324D90006AF2C /* videosData.swift */ = {isa = PBXFileReference; lastKnownFileType = sourcecode.swift; path = videosData.swift; sourceTree = "<group>"; };
		CF3AC6412B6324F00006AF2C /* VideoModel.swift */ = {isa = PBXFileReference; lastKnownFileType = sourcecode.swift; path = VideoModel.swift; sourceTree = "<group>"; };
		CF3AC6432B6335A30006AF2C /* VideoSectionTitle.swift */ = {isa = PBXFileReference; lastKnownFileType = sourcecode.swift; path = VideoSectionTitle.swift; sourceTree = "<group>"; };
		CF3AC6452B6337C00006AF2C /* VideoScreenView.swift */ = {isa = PBXFileReference; lastKnownFileType = sourcecode.swift; path = VideoScreenView.swift; sourceTree = "<group>"; };
		CF3AC6482B63485D0006AF2C /* CategoryEnum.swift */ = {isa = PBXFileReference; lastKnownFileType = sourcecode.swift; path = CategoryEnum.swift; sourceTree = "<group>"; };
		CF41AD182B64801E009DFCCA /* SettingsScreenView.swift */ = {isa = PBXFileReference; lastKnownFileType = sourcecode.swift; path = SettingsScreenView.swift; sourceTree = "<group>"; };
		CF41AD1A2B648050009DFCCA /* TabScreensViews.swift */ = {isa = PBXFileReference; lastKnownFileType = sourcecode.swift; path = TabScreensViews.swift; sourceTree = "<group>"; };
		CF802FDF2B684F27003B0116 /* Auth.swift */ = {isa = PBXFileReference; lastKnownFileType = sourcecode.swift; path = Auth.swift; sourceTree = "<group>"; };
		CF8D376E2B649091001988D9 /* utils.swift */ = {isa = PBXFileReference; lastKnownFileType = sourcecode.swift; path = utils.swift; sourceTree = "<group>"; };
		CF9EA7202B65B55600382B24 /* LoginScreenView.swift */ = {isa = PBXFileReference; lastKnownFileType = sourcecode.swift; path = LoginScreenView.swift; sourceTree = "<group>"; };
		CF9EA7222B65B75900382B24 /* GoogleService-Info.plist */ = {isa = PBXFileReference; fileEncoding = 4; lastKnownFileType = text.plist.xml; path = "GoogleService-Info.plist"; sourceTree = "<group>"; };
		CF9EA75C2B65B8E300382B24 /* AppDelegate.swift */ = {isa = PBXFileReference; lastKnownFileType = sourcecode.swift; path = AppDelegate.swift; sourceTree = "<group>"; };
		CF9EA7632B65D05400382B24 /* Info.plist */ = {isa = PBXFileReference; lastKnownFileType = text.plist; path = Info.plist; sourceTree = "<group>"; };
		CF9EA7652B65D16A00382B24 /* +View.swift */ = {isa = PBXFileReference; lastKnownFileType = sourcecode.swift; path = "+View.swift"; sourceTree = "<group>"; };
/* End PBXFileReference section */

/* Begin PBXFrameworksBuildPhase section */
		CF1D01262B5B286800E196FB /* Frameworks */ = {
			isa = PBXFrameworksBuildPhase;
			buildActionMask = 2147483647;
			files = (
				CF9EA7382B65B89400382B24 /* FirebaseDatabase in Frameworks */,
				CF9EA7462B65B89400382B24 /* FirebaseFunctionsCombine-Community in Frameworks */,
				CF9EA73E2B65B89400382B24 /* FirebaseFirestore in Frameworks */,
				CF9EA72A2B65B89400382B24 /* FirebaseAnalyticsSwift in Frameworks */,
				CF9EA7262B65B89400382B24 /* FirebaseAnalytics in Frameworks */,
				CF9EA7282B65B89400382B24 /* FirebaseAnalyticsOnDeviceConversion in Frameworks */,
				CF9EA74E2B65B89500382B24 /* FirebaseMLModelDownloader in Frameworks */,
				CF9EA7622B65D01500382B24 /* GoogleSignInSwift in Frameworks */,
				CF9EA7422B65B89400382B24 /* FirebaseFirestoreSwift in Frameworks */,
				CF9EA72E2B65B89400382B24 /* FirebaseAppCheck in Frameworks */,
				CF9EA72C2B65B89400382B24 /* FirebaseAnalyticsWithoutAdIdSupport in Frameworks */,
				CF9EA7322B65B89400382B24 /* FirebaseAuth in Frameworks */,
				CF9EA7362B65B89400382B24 /* FirebaseCrashlytics in Frameworks */,
				CF9EA7562B65B89500382B24 /* FirebaseRemoteConfigSwift in Frameworks */,
				CF9EA7602B65D01500382B24 /* GoogleSignIn in Frameworks */,
				CF9EA7482B65B89500382B24 /* FirebaseInAppMessaging-Beta in Frameworks */,
				CF9EA73A2B65B89400382B24 /* FirebaseDatabaseSwift in Frameworks */,
				CF9EA7442B65B89400382B24 /* FirebaseFunctions in Frameworks */,
				CF9EA75A2B65B89500382B24 /* FirebaseStorageCombine-Community in Frameworks */,
				CF9EA7542B65B89500382B24 /* FirebaseRemoteConfig in Frameworks */,
				CF9EA7302B65B89400382B24 /* FirebaseAppDistribution-Beta in Frameworks */,
				CF9EA7342B65B89400382B24 /* FirebaseAuthCombine-Community in Frameworks */,
				CF9EA7522B65B89500382B24 /* FirebasePerformance in Frameworks */,
				CF9EA74A2B65B89500382B24 /* FirebaseInAppMessagingSwift-Beta in Frameworks */,
				CF9EA7582B65B89500382B24 /* FirebaseStorage in Frameworks */,
				CF9EA73C2B65B89400382B24 /* FirebaseDynamicLinks in Frameworks */,
				CF9EA7402B65B89400382B24 /* FirebaseFirestoreCombine-Community in Frameworks */,
				CF9EA7502B65B89500382B24 /* FirebaseMessaging in Frameworks */,
				CF9EA74C2B65B89500382B24 /* FirebaseInstallations in Frameworks */,
			);
			runOnlyForDeploymentPostprocessing = 0;
		};
/* End PBXFrameworksBuildPhase section */

/* Begin PBXGroup section */
		CF1D01202B5B286800E196FB = {
			isa = PBXGroup;
			children = (
				CF1D012B2B5B286800E196FB /* video-app */,
				CF1D012A2B5B286800E196FB /* Products */,
			);
			sourceTree = "<group>";
		};
		CF1D012A2B5B286800E196FB /* Products */ = {
			isa = PBXGroup;
			children = (
				CF1D01292B5B286800E196FB /* video-app.app */,
			);
			name = Products;
			sourceTree = "<group>";
		};
		CF1D012B2B5B286800E196FB /* video-app */ = {
			isa = PBXGroup;
			children = (
				CF9EA7632B65D05400382B24 /* Info.plist */,
				CF9EA7222B65B75900382B24 /* GoogleService-Info.plist */,
				CF1D012C2B5B286800E196FB /* video_appApp.swift */,
				CF1D012E2B5B286800E196FB /* ContentView.swift */,
				CF9EA7642B65D15100382B24 /* helpers */,
				CF9EA75B2B65B8C100382B24 /* services */,
				CF8D376D2B649078001988D9 /* config */,
				CF3AC6472B6348430006AF2C /* enums */,
				CF3AC6402B6324DF0006AF2C /* models */,
				CF3AC63D2B6324C10006AF2C /* data */,
				CF1D013A2B5B2AA000E196FB /* views */,
				CF1D01302B5B286A00E196FB /* Assets.xcassets */,
				CF1D01322B5B286A00E196FB /* Preview Content */,
			);
			path = "video-app";
			sourceTree = "<group>";
		};
		CF1D01322B5B286A00E196FB /* Preview Content */ = {
			isa = PBXGroup;
			children = (
				CF1D01332B5B286A00E196FB /* Preview Assets.xcassets */,
			);
			path = "Preview Content";
			sourceTree = "<group>";
		};
		CF1D013A2B5B2AA000E196FB /* views */ = {
			isa = PBXGroup;
			children = (
				CF1D01402B5B309C00E196FB /* components */,
				CF1D013B2B5B2AB000E196FB /* screen */,
			);
			path = views;
			sourceTree = "<group>";
		};
		CF1D013B2B5B2AB000E196FB /* screen */ = {
			isa = PBXGroup;
			children = (
				CF1D013C2B5B2AC600E196FB /* WelcomeScreenView.swift */,
				CF1D013E2B5B2F3200E196FB /* VideosScreenView.swift */,
				CF3AC6452B6337C00006AF2C /* VideoScreenView.swift */,
				CF41AD182B64801E009DFCCA /* SettingsScreenView.swift */,
				CF41AD1A2B648050009DFCCA /* TabScreensViews.swift */,
				CF9EA7202B65B55600382B24 /* LoginScreenView.swift */,
			);
			path = screen;
			sourceTree = "<group>";
		};
		CF1D01402B5B309C00E196FB /* components */ = {
			isa = PBXGroup;
			children = (
				CF1D01412B5B30DB00E196FB /* CardVideoView.swift */,
				CF3AC6432B6335A30006AF2C /* VideoSectionTitle.swift */,
			);
			path = components;
			sourceTree = "<group>";
		};
		CF3AC63D2B6324C10006AF2C /* data */ = {
			isa = PBXGroup;
			children = (
				CF3AC63E2B6324D90006AF2C /* videosData.swift */,
			);
			path = data;
			sourceTree = "<group>";
		};
		CF3AC6402B6324DF0006AF2C /* models */ = {
			isa = PBXGroup;
			children = (
				CF3AC6412B6324F00006AF2C /* VideoModel.swift */,
			);
			path = models;
			sourceTree = "<group>";
		};
		CF3AC6472B6348430006AF2C /* enums */ = {
			isa = PBXGroup;
			children = (
				CF3AC6482B63485D0006AF2C /* CategoryEnum.swift */,
			);
			path = enums;
			sourceTree = "<group>";
		};
		CF8D376D2B649078001988D9 /* config */ = {
			isa = PBXGroup;
			children = (
				CF8D376E2B649091001988D9 /* utils.swift */,
			);
			path = config;
			sourceTree = "<group>";
		};
		CF9EA75B2B65B8C100382B24 /* services */ = {
			isa = PBXGroup;
			children = (
				CF9EA75C2B65B8E300382B24 /* AppDelegate.swift */,
			);
			path = services;
			sourceTree = "<group>";
		};
		CF9EA7642B65D15100382B24 /* helpers */ = {
			isa = PBXGroup;
			children = (
				CF9EA7652B65D16A00382B24 /* +View.swift */,
				CF802FDF2B684F27003B0116 /* Auth.swift */,
			);
			path = helpers;
			sourceTree = "<group>";
		};
/* End PBXGroup section */

/* Begin PBXNativeTarget section */
		CF1D01282B5B286800E196FB /* video-app */ = {
			isa = PBXNativeTarget;
			buildConfigurationList = CF1D01372B5B286A00E196FB /* Build configuration list for PBXNativeTarget "video-app" */;
			buildPhases = (
				CF1D01252B5B286800E196FB /* Sources */,
				CF1D01262B5B286800E196FB /* Frameworks */,
				CF1D01272B5B286800E196FB /* Resources */,
			);
			buildRules = (
			);
			dependencies = (
			);
			name = "video-app";
			packageProductDependencies = (
				CF9EA7252B65B89400382B24 /* FirebaseAnalytics */,
				CF9EA7272B65B89400382B24 /* FirebaseAnalyticsOnDeviceConversion */,
				CF9EA7292B65B89400382B24 /* FirebaseAnalyticsSwift */,
				CF9EA72B2B65B89400382B24 /* FirebaseAnalyticsWithoutAdIdSupport */,
				CF9EA72D2B65B89400382B24 /* FirebaseAppCheck */,
				CF9EA72F2B65B89400382B24 /* FirebaseAppDistribution-Beta */,
				CF9EA7312B65B89400382B24 /* FirebaseAuth */,
				CF9EA7332B65B89400382B24 /* FirebaseAuthCombine-Community */,
				CF9EA7352B65B89400382B24 /* FirebaseCrashlytics */,
				CF9EA7372B65B89400382B24 /* FirebaseDatabase */,
				CF9EA7392B65B89400382B24 /* FirebaseDatabaseSwift */,
				CF9EA73B2B65B89400382B24 /* FirebaseDynamicLinks */,
				CF9EA73D2B65B89400382B24 /* FirebaseFirestore */,
				CF9EA73F2B65B89400382B24 /* FirebaseFirestoreCombine-Community */,
				CF9EA7412B65B89400382B24 /* FirebaseFirestoreSwift */,
				CF9EA7432B65B89400382B24 /* FirebaseFunctions */,
				CF9EA7452B65B89400382B24 /* FirebaseFunctionsCombine-Community */,
				CF9EA7472B65B89500382B24 /* FirebaseInAppMessaging-Beta */,
				CF9EA7492B65B89500382B24 /* FirebaseInAppMessagingSwift-Beta */,
				CF9EA74B2B65B89500382B24 /* FirebaseInstallations */,
				CF9EA74D2B65B89500382B24 /* FirebaseMLModelDownloader */,
				CF9EA74F2B65B89500382B24 /* FirebaseMessaging */,
				CF9EA7512B65B89500382B24 /* FirebasePerformance */,
				CF9EA7532B65B89500382B24 /* FirebaseRemoteConfig */,
				CF9EA7552B65B89500382B24 /* FirebaseRemoteConfigSwift */,
				CF9EA7572B65B89500382B24 /* FirebaseStorage */,
				CF9EA7592B65B89500382B24 /* FirebaseStorageCombine-Community */,
				CF9EA75F2B65D01500382B24 /* GoogleSignIn */,
				CF9EA7612B65D01500382B24 /* GoogleSignInSwift */,
			);
			productName = "video-app";
			productReference = CF1D01292B5B286800E196FB /* video-app.app */;
			productType = "com.apple.product-type.application";
		};
/* End PBXNativeTarget section */

/* Begin PBXProject section */
		CF1D01212B5B286800E196FB /* Project object */ = {
			isa = PBXProject;
			attributes = {
				BuildIndependentTargetsInParallel = 1;
				LastSwiftUpdateCheck = 1500;
				LastUpgradeCheck = 1500;
				TargetAttributes = {
					CF1D01282B5B286800E196FB = {
						CreatedOnToolsVersion = 15.0.1;
					};
				};
			};
			buildConfigurationList = CF1D01242B5B286800E196FB /* Build configuration list for PBXProject "video-app" */;
			compatibilityVersion = "Xcode 14.0";
			developmentRegion = en;
			hasScannedForEncodings = 0;
			knownRegions = (
				en,
				Base,
			);
			mainGroup = CF1D01202B5B286800E196FB;
			packageReferences = (
				CF9EA7242B65B89400382B24 /* XCRemoteSwiftPackageReference "firebase-ios-sdk" */,
				CF9EA75E2B65D01500382B24 /* XCRemoteSwiftPackageReference "GoogleSignIn-iOS" */,
			);
			productRefGroup = CF1D012A2B5B286800E196FB /* Products */;
			projectDirPath = "";
			projectRoot = "";
			targets = (
				CF1D01282B5B286800E196FB /* video-app */,
			);
		};
/* End PBXProject section */

/* Begin PBXResourcesBuildPhase section */
		CF1D01272B5B286800E196FB /* Resources */ = {
			isa = PBXResourcesBuildPhase;
			buildActionMask = 2147483647;
			files = (
				CF1D01342B5B286A00E196FB /* Preview Assets.xcassets in Resources */,
				CF1D01312B5B286A00E196FB /* Assets.xcassets in Resources */,
				CF9EA7232B65B75900382B24 /* GoogleService-Info.plist in Resources */,
			);
			runOnlyForDeploymentPostprocessing = 0;
		};
/* End PBXResourcesBuildPhase section */

/* Begin PBXSourcesBuildPhase section */
		CF1D01252B5B286800E196FB /* Sources */ = {
			isa = PBXSourcesBuildPhase;
			buildActionMask = 2147483647;
			files = (
				CF3AC6442B6335A30006AF2C /* VideoSectionTitle.swift in Sources */,
				CF1D012F2B5B286800E196FB /* ContentView.swift in Sources */,
				CF9EA7212B65B55600382B24 /* LoginScreenView.swift in Sources */,
				CF9EA75D2B65B8E300382B24 /* AppDelegate.swift in Sources */,
				CF3AC6462B6337C00006AF2C /* VideoScreenView.swift in Sources */,
				CF1D013F2B5B2F3200E196FB /* VideosScreenView.swift in Sources */,
				CF3AC6492B63485D0006AF2C /* CategoryEnum.swift in Sources */,
				CF802FE02B684F27003B0116 /* Auth.swift in Sources */,
				CF3AC6422B6324F00006AF2C /* VideoModel.swift in Sources */,
				CF8D376F2B649091001988D9 /* utils.swift in Sources */,
				CF3AC63F2B6324D90006AF2C /* videosData.swift in Sources */,
				CF1D01422B5B30DB00E196FB /* CardVideoView.swift in Sources */,
				CF41AD1B2B648050009DFCCA /* TabScreensViews.swift in Sources */,
				CF9EA7662B65D16A00382B24 /* +View.swift in Sources */,
				CF41AD192B64801E009DFCCA /* SettingsScreenView.swift in Sources */,
				CF1D012D2B5B286800E196FB /* video_appApp.swift in Sources */,
				CF1D013D2B5B2AC600E196FB /* WelcomeScreenView.swift in Sources */,
			);
			runOnlyForDeploymentPostprocessing = 0;
		};
/* End PBXSourcesBuildPhase section */

/* Begin XCBuildConfiguration section */
		CF1D01352B5B286A00E196FB /* Debug */ = {
			isa = XCBuildConfiguration;
			buildSettings = {
				ALWAYS_SEARCH_USER_PATHS = NO;
				ASSETCATALOG_COMPILER_GENERATE_SWIFT_ASSET_SYMBOL_EXTENSIONS = YES;
				CLANG_ANALYZER_NONNULL = YES;
				CLANG_ANALYZER_NUMBER_OBJECT_CONVERSION = YES_AGGRESSIVE;
				CLANG_CXX_LANGUAGE_STANDARD = "gnu++20";
				CLANG_ENABLE_MODULES = YES;
				CLANG_ENABLE_OBJC_ARC = YES;
				CLANG_ENABLE_OBJC_WEAK = YES;
				CLANG_WARN_BLOCK_CAPTURE_AUTORELEASING = YES;
				CLANG_WARN_BOOL_CONVERSION = YES;
				CLANG_WARN_COMMA = YES;
				CLANG_WARN_CONSTANT_CONVERSION = YES;
				CLANG_WARN_DEPRECATED_OBJC_IMPLEMENTATIONS = YES;
				CLANG_WARN_DIRECT_OBJC_ISA_USAGE = YES_ERROR;
				CLANG_WARN_DOCUMENTATION_COMMENTS = YES;
				CLANG_WARN_EMPTY_BODY = YES;
				CLANG_WARN_ENUM_CONVERSION = YES;
				CLANG_WARN_INFINITE_RECURSION = YES;
				CLANG_WARN_INT_CONVERSION = YES;
				CLANG_WARN_NON_LITERAL_NULL_CONVERSION = YES;
				CLANG_WARN_OBJC_IMPLICIT_RETAIN_SELF = YES;
				CLANG_WARN_OBJC_LITERAL_CONVERSION = YES;
				CLANG_WARN_OBJC_ROOT_CLASS = YES_ERROR;
				CLANG_WARN_QUOTED_INCLUDE_IN_FRAMEWORK_HEADER = YES;
				CLANG_WARN_RANGE_LOOP_ANALYSIS = YES;
				CLANG_WARN_STRICT_PROTOTYPES = YES;
				CLANG_WARN_SUSPICIOUS_MOVE = YES;
				CLANG_WARN_UNGUARDED_AVAILABILITY = YES_AGGRESSIVE;
				CLANG_WARN_UNREACHABLE_CODE = YES;
				CLANG_WARN__DUPLICATE_METHOD_MATCH = YES;
				COPY_PHASE_STRIP = NO;
				DEBUG_INFORMATION_FORMAT = dwarf;
				ENABLE_STRICT_OBJC_MSGSEND = YES;
				ENABLE_TESTABILITY = YES;
				ENABLE_USER_SCRIPT_SANDBOXING = YES;
				GCC_C_LANGUAGE_STANDARD = gnu17;
				GCC_DYNAMIC_NO_PIC = NO;
				GCC_NO_COMMON_BLOCKS = YES;
				GCC_OPTIMIZATION_LEVEL = 0;
				GCC_PREPROCESSOR_DEFINITIONS = (
					"DEBUG=1",
					"$(inherited)",
				);
				GCC_WARN_64_TO_32_BIT_CONVERSION = YES;
				GCC_WARN_ABOUT_RETURN_TYPE = YES_ERROR;
				GCC_WARN_UNDECLARED_SELECTOR = YES;
				GCC_WARN_UNINITIALIZED_AUTOS = YES_AGGRESSIVE;
				GCC_WARN_UNUSED_FUNCTION = YES;
				GCC_WARN_UNUSED_VARIABLE = YES;
				IPHONEOS_DEPLOYMENT_TARGET = 17.0;
				LOCALIZATION_PREFERS_STRING_CATALOGS = YES;
				MTL_ENABLE_DEBUG_INFO = INCLUDE_SOURCE;
				MTL_FAST_MATH = YES;
				ONLY_ACTIVE_ARCH = YES;
				SDKROOT = iphoneos;
				SWIFT_ACTIVE_COMPILATION_CONDITIONS = "DEBUG $(inherited)";
				SWIFT_OPTIMIZATION_LEVEL = "-Onone";
			};
			name = Debug;
		};
		CF1D01362B5B286A00E196FB /* Release */ = {
			isa = XCBuildConfiguration;
			buildSettings = {
				ALWAYS_SEARCH_USER_PATHS = NO;
				ASSETCATALOG_COMPILER_GENERATE_SWIFT_ASSET_SYMBOL_EXTENSIONS = YES;
				CLANG_ANALYZER_NONNULL = YES;
				CLANG_ANALYZER_NUMBER_OBJECT_CONVERSION = YES_AGGRESSIVE;
				CLANG_CXX_LANGUAGE_STANDARD = "gnu++20";
				CLANG_ENABLE_MODULES = YES;
				CLANG_ENABLE_OBJC_ARC = YES;
				CLANG_ENABLE_OBJC_WEAK = YES;
				CLANG_WARN_BLOCK_CAPTURE_AUTORELEASING = YES;
				CLANG_WARN_BOOL_CONVERSION = YES;
				CLANG_WARN_COMMA = YES;
				CLANG_WARN_CONSTANT_CONVERSION = YES;
				CLANG_WARN_DEPRECATED_OBJC_IMPLEMENTATIONS = YES;
				CLANG_WARN_DIRECT_OBJC_ISA_USAGE = YES_ERROR;
				CLANG_WARN_DOCUMENTATION_COMMENTS = YES;
				CLANG_WARN_EMPTY_BODY = YES;
				CLANG_WARN_ENUM_CONVERSION = YES;
				CLANG_WARN_INFINITE_RECURSION = YES;
				CLANG_WARN_INT_CONVERSION = YES;
				CLANG_WARN_NON_LITERAL_NULL_CONVERSION = YES;
				CLANG_WARN_OBJC_IMPLICIT_RETAIN_SELF = YES;
				CLANG_WARN_OBJC_LITERAL_CONVERSION = YES;
				CLANG_WARN_OBJC_ROOT_CLASS = YES_ERROR;
				CLANG_WARN_QUOTED_INCLUDE_IN_FRAMEWORK_HEADER = YES;
				CLANG_WARN_RANGE_LOOP_ANALYSIS = YES;
				CLANG_WARN_STRICT_PROTOTYPES = YES;
				CLANG_WARN_SUSPICIOUS_MOVE = YES;
				CLANG_WARN_UNGUARDED_AVAILABILITY = YES_AGGRESSIVE;
				CLANG_WARN_UNREACHABLE_CODE = YES;
				CLANG_WARN__DUPLICATE_METHOD_MATCH = YES;
				COPY_PHASE_STRIP = NO;
				DEBUG_INFORMATION_FORMAT = "dwarf-with-dsym";
				ENABLE_NS_ASSERTIONS = NO;
				ENABLE_STRICT_OBJC_MSGSEND = YES;
				ENABLE_USER_SCRIPT_SANDBOXING = YES;
				GCC_C_LANGUAGE_STANDARD = gnu17;
				GCC_NO_COMMON_BLOCKS = YES;
				GCC_WARN_64_TO_32_BIT_CONVERSION = YES;
				GCC_WARN_ABOUT_RETURN_TYPE = YES_ERROR;
				GCC_WARN_UNDECLARED_SELECTOR = YES;
				GCC_WARN_UNINITIALIZED_AUTOS = YES_AGGRESSIVE;
				GCC_WARN_UNUSED_FUNCTION = YES;
				GCC_WARN_UNUSED_VARIABLE = YES;
				IPHONEOS_DEPLOYMENT_TARGET = 17.0;
				LOCALIZATION_PREFERS_STRING_CATALOGS = YES;
				MTL_ENABLE_DEBUG_INFO = NO;
				MTL_FAST_MATH = YES;
				SDKROOT = iphoneos;
				SWIFT_COMPILATION_MODE = wholemodule;
				VALIDATE_PRODUCT = YES;
			};
			name = Release;
		};
		CF1D01382B5B286A00E196FB /* Debug */ = {
			isa = XCBuildConfiguration;
			buildSettings = {
				ASSETCATALOG_COMPILER_APPICON_NAME = AppIcon;
				ASSETCATALOG_COMPILER_GLOBAL_ACCENT_COLOR_NAME = AccentColor;
				CODE_SIGN_STYLE = Automatic;
				CURRENT_PROJECT_VERSION = 1;
				DEVELOPMENT_ASSET_PATHS = "\"video-app/Preview Content\"";
				DEVELOPMENT_TEAM = 7MZCMC67KN;
				ENABLE_PREVIEWS = YES;
				GENERATE_INFOPLIST_FILE = YES;
				INFOPLIST_FILE = "video-app/Info.plist";
				INFOPLIST_KEY_UIApplicationSceneManifest_Generation = YES;
				INFOPLIST_KEY_UIApplicationSupportsIndirectInputEvents = YES;
				INFOPLIST_KEY_UILaunchScreen_Generation = YES;
				INFOPLIST_KEY_UISupportedInterfaceOrientations_iPad = "UIInterfaceOrientationPortrait UIInterfaceOrientationPortraitUpsideDown UIInterfaceOrientationLandscapeLeft UIInterfaceOrientationLandscapeRight";
				INFOPLIST_KEY_UISupportedInterfaceOrientations_iPhone = "UIInterfaceOrientationPortrait UIInterfaceOrientationLandscapeLeft UIInterfaceOrientationLandscapeRight";
				LD_RUNPATH_SEARCH_PATHS = (
					"$(inherited)",
					"@executable_path/Frameworks",
				);
				MARKETING_VERSION = 1.0;
				PRODUCT_BUNDLE_IDENTIFIER = "jorge.video-app";
				PRODUCT_NAME = "$(TARGET_NAME)";
				SWIFT_EMIT_LOC_STRINGS = YES;
				SWIFT_VERSION = 5.0;
				TARGETED_DEVICE_FAMILY = "1,2";
			};
			name = Debug;
		};
		CF1D01392B5B286A00E196FB /* Release */ = {
			isa = XCBuildConfiguration;
			buildSettings = {
				ASSETCATALOG_COMPILER_APPICON_NAME = AppIcon;
				ASSETCATALOG_COMPILER_GLOBAL_ACCENT_COLOR_NAME = AccentColor;
				CODE_SIGN_STYLE = Automatic;
				CURRENT_PROJECT_VERSION = 1;
				DEVELOPMENT_ASSET_PATHS = "\"video-app/Preview Content\"";
				DEVELOPMENT_TEAM = 7MZCMC67KN;
				ENABLE_PREVIEWS = YES;
				GENERATE_INFOPLIST_FILE = YES;
				INFOPLIST_FILE = "video-app/Info.plist";
				INFOPLIST_KEY_UIApplicationSceneManifest_Generation = YES;
				INFOPLIST_KEY_UIApplicationSupportsIndirectInputEvents = YES;
				INFOPLIST_KEY_UILaunchScreen_Generation = YES;
				INFOPLIST_KEY_UISupportedInterfaceOrientations_iPad = "UIInterfaceOrientationPortrait UIInterfaceOrientationPortraitUpsideDown UIInterfaceOrientationLandscapeLeft UIInterfaceOrientationLandscapeRight";
				INFOPLIST_KEY_UISupportedInterfaceOrientations_iPhone = "UIInterfaceOrientationPortrait UIInterfaceOrientationLandscapeLeft UIInterfaceOrientationLandscapeRight";
				LD_RUNPATH_SEARCH_PATHS = (
					"$(inherited)",
					"@executable_path/Frameworks",
				);
				MARKETING_VERSION = 1.0;
				PRODUCT_BUNDLE_IDENTIFIER = "jorge.video-app";
				PRODUCT_NAME = "$(TARGET_NAME)";
				SWIFT_EMIT_LOC_STRINGS = YES;
				SWIFT_VERSION = 5.0;
				TARGETED_DEVICE_FAMILY = "1,2";
			};
			name = Release;
		};
/* End XCBuildConfiguration section */

/* Begin XCConfigurationList section */
		CF1D01242B5B286800E196FB /* Build configuration list for PBXProject "video-app" */ = {
			isa = XCConfigurationList;
			buildConfigurations = (
				CF1D01352B5B286A00E196FB /* Debug */,
				CF1D01362B5B286A00E196FB /* Release */,
			);
			defaultConfigurationIsVisible = 0;
			defaultConfigurationName = Release;
		};
		CF1D01372B5B286A00E196FB /* Build configuration list for PBXNativeTarget "video-app" */ = {
			isa = XCConfigurationList;
			buildConfigurations = (
				CF1D01382B5B286A00E196FB /* Debug */,
				CF1D01392B5B286A00E196FB /* Release */,
			);
			defaultConfigurationIsVisible = 0;
			defaultConfigurationName = Release;
		};
/* End XCConfigurationList section */

/* Begin XCRemoteSwiftPackageReference section */
		CF9EA7242B65B89400382B24 /* XCRemoteSwiftPackageReference "firebase-ios-sdk" */ = {
			isa = XCRemoteSwiftPackageReference;
			repositoryURL = "https://github.com/firebase/firebase-ios-sdk";
			requirement = {
				kind = upToNextMajorVersion;
				minimumVersion = 10.20.0;
			};
		};
		CF9EA75E2B65D01500382B24 /* XCRemoteSwiftPackageReference "GoogleSignIn-iOS" */ = {
			isa = XCRemoteSwiftPackageReference;
			repositoryURL = "https://github.com/google/GoogleSignIn-iOS.git";
			requirement = {
				kind = upToNextMajorVersion;
				minimumVersion = 7.0.0;
			};
		};
/* End XCRemoteSwiftPackageReference section */

/* Begin XCSwiftPackageProductDependency section */
		CF9EA7252B65B89400382B24 /* FirebaseAnalytics */ = {
			isa = XCSwiftPackageProductDependency;
			package = CF9EA7242B65B89400382B24 /* XCRemoteSwiftPackageReference "firebase-ios-sdk" */;
			productName = FirebaseAnalytics;
		};
		CF9EA7272B65B89400382B24 /* FirebaseAnalyticsOnDeviceConversion */ = {
			isa = XCSwiftPackageProductDependency;
			package = CF9EA7242B65B89400382B24 /* XCRemoteSwiftPackageReference "firebase-ios-sdk" */;
			productName = FirebaseAnalyticsOnDeviceConversion;
		};
		CF9EA7292B65B89400382B24 /* FirebaseAnalyticsSwift */ = {
			isa = XCSwiftPackageProductDependency;
			package = CF9EA7242B65B89400382B24 /* XCRemoteSwiftPackageReference "firebase-ios-sdk" */;
			productName = FirebaseAnalyticsSwift;
		};
		CF9EA72B2B65B89400382B24 /* FirebaseAnalyticsWithoutAdIdSupport */ = {
			isa = XCSwiftPackageProductDependency;
			package = CF9EA7242B65B89400382B24 /* XCRemoteSwiftPackageReference "firebase-ios-sdk" */;
			productName = FirebaseAnalyticsWithoutAdIdSupport;
		};
		CF9EA72D2B65B89400382B24 /* FirebaseAppCheck */ = {
			isa = XCSwiftPackageProductDependency;
			package = CF9EA7242B65B89400382B24 /* XCRemoteSwiftPackageReference "firebase-ios-sdk" */;
			productName = FirebaseAppCheck;
		};
		CF9EA72F2B65B89400382B24 /* FirebaseAppDistribution-Beta */ = {
			isa = XCSwiftPackageProductDependency;
			package = CF9EA7242B65B89400382B24 /* XCRemoteSwiftPackageReference "firebase-ios-sdk" */;
			productName = "FirebaseAppDistribution-Beta";
		};
		CF9EA7312B65B89400382B24 /* FirebaseAuth */ = {
			isa = XCSwiftPackageProductDependency;
			package = CF9EA7242B65B89400382B24 /* XCRemoteSwiftPackageReference "firebase-ios-sdk" */;
			productName = FirebaseAuth;
		};
		CF9EA7332B65B89400382B24 /* FirebaseAuthCombine-Community */ = {
			isa = XCSwiftPackageProductDependency;
			package = CF9EA7242B65B89400382B24 /* XCRemoteSwiftPackageReference "firebase-ios-sdk" */;
			productName = "FirebaseAuthCombine-Community";
		};
		CF9EA7352B65B89400382B24 /* FirebaseCrashlytics */ = {
			isa = XCSwiftPackageProductDependency;
			package = CF9EA7242B65B89400382B24 /* XCRemoteSwiftPackageReference "firebase-ios-sdk" */;
			productName = FirebaseCrashlytics;
		};
		CF9EA7372B65B89400382B24 /* FirebaseDatabase */ = {
			isa = XCSwiftPackageProductDependency;
			package = CF9EA7242B65B89400382B24 /* XCRemoteSwiftPackageReference "firebase-ios-sdk" */;
			productName = FirebaseDatabase;
		};
		CF9EA7392B65B89400382B24 /* FirebaseDatabaseSwift */ = {
			isa = XCSwiftPackageProductDependency;
			package = CF9EA7242B65B89400382B24 /* XCRemoteSwiftPackageReference "firebase-ios-sdk" */;
			productName = FirebaseDatabaseSwift;
		};
		CF9EA73B2B65B89400382B24 /* FirebaseDynamicLinks */ = {
			isa = XCSwiftPackageProductDependency;
			package = CF9EA7242B65B89400382B24 /* XCRemoteSwiftPackageReference "firebase-ios-sdk" */;
			productName = FirebaseDynamicLinks;
		};
		CF9EA73D2B65B89400382B24 /* FirebaseFirestore */ = {
			isa = XCSwiftPackageProductDependency;
			package = CF9EA7242B65B89400382B24 /* XCRemoteSwiftPackageReference "firebase-ios-sdk" */;
			productName = FirebaseFirestore;
		};
		CF9EA73F2B65B89400382B24 /* FirebaseFirestoreCombine-Community */ = {
			isa = XCSwiftPackageProductDependency;
			package = CF9EA7242B65B89400382B24 /* XCRemoteSwiftPackageReference "firebase-ios-sdk" */;
			productName = "FirebaseFirestoreCombine-Community";
		};
		CF9EA7412B65B89400382B24 /* FirebaseFirestoreSwift */ = {
			isa = XCSwiftPackageProductDependency;
			package = CF9EA7242B65B89400382B24 /* XCRemoteSwiftPackageReference "firebase-ios-sdk" */;
			productName = FirebaseFirestoreSwift;
		};
		CF9EA7432B65B89400382B24 /* FirebaseFunctions */ = {
			isa = XCSwiftPackageProductDependency;
			package = CF9EA7242B65B89400382B24 /* XCRemoteSwiftPackageReference "firebase-ios-sdk" */;
			productName = FirebaseFunctions;
		};
		CF9EA7452B65B89400382B24 /* FirebaseFunctionsCombine-Community */ = {
			isa = XCSwiftPackageProductDependency;
			package = CF9EA7242B65B89400382B24 /* XCRemoteSwiftPackageReference "firebase-ios-sdk" */;
			productName = "FirebaseFunctionsCombine-Community";
		};
		CF9EA7472B65B89500382B24 /* FirebaseInAppMessaging-Beta */ = {
			isa = XCSwiftPackageProductDependency;
			package = CF9EA7242B65B89400382B24 /* XCRemoteSwiftPackageReference "firebase-ios-sdk" */;
			productName = "FirebaseInAppMessaging-Beta";
		};
		CF9EA7492B65B89500382B24 /* FirebaseInAppMessagingSwift-Beta */ = {
			isa = XCSwiftPackageProductDependency;
			package = CF9EA7242B65B89400382B24 /* XCRemoteSwiftPackageReference "firebase-ios-sdk" */;
			productName = "FirebaseInAppMessagingSwift-Beta";
		};
		CF9EA74B2B65B89500382B24 /* FirebaseInstallations */ = {
			isa = XCSwiftPackageProductDependency;
			package = CF9EA7242B65B89400382B24 /* XCRemoteSwiftPackageReference "firebase-ios-sdk" */;
			productName = FirebaseInstallations;
		};
		CF9EA74D2B65B89500382B24 /* FirebaseMLModelDownloader */ = {
			isa = XCSwiftPackageProductDependency;
			package = CF9EA7242B65B89400382B24 /* XCRemoteSwiftPackageReference "firebase-ios-sdk" */;
			productName = FirebaseMLModelDownloader;
		};
		CF9EA74F2B65B89500382B24 /* FirebaseMessaging */ = {
			isa = XCSwiftPackageProductDependency;
			package = CF9EA7242B65B89400382B24 /* XCRemoteSwiftPackageReference "firebase-ios-sdk" */;
			productName = FirebaseMessaging;
		};
		CF9EA7512B65B89500382B24 /* FirebasePerformance */ = {
			isa = XCSwiftPackageProductDependency;
			package = CF9EA7242B65B89400382B24 /* XCRemoteSwiftPackageReference "firebase-ios-sdk" */;
			productName = FirebasePerformance;
		};
		CF9EA7532B65B89500382B24 /* FirebaseRemoteConfig */ = {
			isa = XCSwiftPackageProductDependency;
			package = CF9EA7242B65B89400382B24 /* XCRemoteSwiftPackageReference "firebase-ios-sdk" */;
			productName = FirebaseRemoteConfig;
		};
		CF9EA7552B65B89500382B24 /* FirebaseRemoteConfigSwift */ = {
			isa = XCSwiftPackageProductDependency;
			package = CF9EA7242B65B89400382B24 /* XCRemoteSwiftPackageReference "firebase-ios-sdk" */;
			productName = FirebaseRemoteConfigSwift;
		};
		CF9EA7572B65B89500382B24 /* FirebaseStorage */ = {
			isa = XCSwiftPackageProductDependency;
			package = CF9EA7242B65B89400382B24 /* XCRemoteSwiftPackageReference "firebase-ios-sdk" */;
			productName = FirebaseStorage;
		};
		CF9EA7592B65B89500382B24 /* FirebaseStorageCombine-Community */ = {
			isa = XCSwiftPackageProductDependency;
			package = CF9EA7242B65B89400382B24 /* XCRemoteSwiftPackageReference "firebase-ios-sdk" */;
			productName = "FirebaseStorageCombine-Community";
		};
		CF9EA75F2B65D01500382B24 /* GoogleSignIn */ = {
			isa = XCSwiftPackageProductDependency;
			package = CF9EA75E2B65D01500382B24 /* XCRemoteSwiftPackageReference "GoogleSignIn-iOS" */;
			productName = GoogleSignIn;
		};
		CF9EA7612B65D01500382B24 /* GoogleSignInSwift */ = {
			isa = XCSwiftPackageProductDependency;
			package = CF9EA75E2B65D01500382B24 /* XCRemoteSwiftPackageReference "GoogleSignIn-iOS" */;
			productName = GoogleSignInSwift;
		};
/* End XCSwiftPackageProductDependency section */
	};
	rootObject = CF1D01212B5B286800E196FB /* Project object */;
}
